// !$*UTF8*$!
{
	archiveVersion = 1;
	classes = {
	};
	objectVersion = 55;
	objects = {

/* Begin PBXBuildFile section */
		5E83A04F28A1885400AD0456 /* AppDelegate.swift in Sources */ = {isa = PBXBuildFile; fileRef = 5E83A04E28A1885400AD0456 /* AppDelegate.swift */; };
		5E83A05128A1885400AD0456 /* SceneDelegate.swift in Sources */ = {isa = PBXBuildFile; fileRef = 5E83A05028A1885400AD0456 /* SceneDelegate.swift */; };
		5E83A05328A1885400AD0456 /* ViewController.swift in Sources */ = {isa = PBXBuildFile; fileRef = 5E83A05228A1885400AD0456 /* ViewController.swift */; };
		5E83A05628A1885400AD0456 /* Main.storyboard in Resources */ = {isa = PBXBuildFile; fileRef = 5E83A05428A1885400AD0456 /* Main.storyboard */; };
		5E83A05928A1885400AD0456 /* ISS_App.xcdatamodeld in Sources */ = {isa = PBXBuildFile; fileRef = 5E83A05728A1885400AD0456 /* ISS_App.xcdatamodeld */; };
		5E83A05B28A1885600AD0456 /* Assets.xcassets in Resources */ = {isa = PBXBuildFile; fileRef = 5E83A05A28A1885600AD0456 /* Assets.xcassets */; };
		5E83A05E28A1885600AD0456 /* LaunchScreen.storyboard in Resources */ = {isa = PBXBuildFile; fileRef = 5E83A05C28A1885600AD0456 /* LaunchScreen.storyboard */; };
		5E83A06928A1885600AD0456 /* ISS_AppTests.swift in Sources */ = {isa = PBXBuildFile; fileRef = 5E83A06828A1885600AD0456 /* ISS_AppTests.swift */; };
		5E83A07328A1885600AD0456 /* ISS_AppUITests.swift in Sources */ = {isa = PBXBuildFile; fileRef = 5E83A07228A1885600AD0456 /* ISS_AppUITests.swift */; };
		5E83A07528A1885600AD0456 /* ISS_AppUITestsLaunchTests.swift in Sources */ = {isa = PBXBuildFile; fileRef = 5E83A07428A1885600AD0456 /* ISS_AppUITestsLaunchTests.swift */; };
/* End PBXBuildFile section */

/* Begin PBXContainerItemProxy section */
		5E83A06528A1885600AD0456 /* PBXContainerItemProxy */ = {
			isa = PBXContainerItemProxy;
			containerPortal = 5E83A04328A1885400AD0456 /* Project object */;
			proxyType = 1;
			remoteGlobalIDString = 5E83A04A28A1885400AD0456;
			remoteInfo = ISS_App;
		};
		5E83A06F28A1885600AD0456 /* PBXContainerItemProxy */ = {
			isa = PBXContainerItemProxy;
			containerPortal = 5E83A04328A1885400AD0456 /* Project object */;
			proxyType = 1;
			remoteGlobalIDString = 5E83A04A28A1885400AD0456;
			remoteInfo = ISS_App;
		};
/* End PBXContainerItemProxy section */

/* Begin PBXFileReference section */
		5E83A04B28A1885400AD0456 /* ISS_App.app */ = {isa = PBXFileReference; explicitFileType = wrapper.application; includeInIndex = 0; path = ISS_App.app; sourceTree = BUILT_PRODUCTS_DIR; };
		5E83A04E28A1885400AD0456 /* AppDelegate.swift */ = {isa = PBXFileReference; lastKnownFileType = sourcecode.swift; path = AppDelegate.swift; sourceTree = "<group>"; };
		5E83A05028A1885400AD0456 /* SceneDelegate.swift */ = {isa = PBXFileReference; lastKnownFileType = sourcecode.swift; path = SceneDelegate.swift; sourceTree = "<group>"; };
		5E83A05228A1885400AD0456 /* ViewController.swift */ = {isa = PBXFileReference; lastKnownFileType = sourcecode.swift; path = ViewController.swift; sourceTree = "<group>"; };
		5E83A05528A1885400AD0456 /* Base */ = {isa = PBXFileReference; lastKnownFileType = file.storyboard; name = Base; path = Base.lproj/Main.storyboard; sourceTree = "<group>"; };
		5E83A05828A1885400AD0456 /* ISS_App.xcdatamodel */ = {isa = PBXFileReference; lastKnownFileType = wrapper.xcdatamodel; path = ISS_App.xcdatamodel; sourceTree = "<group>"; };
		5E83A05A28A1885600AD0456 /* Assets.xcassets */ = {isa = PBXFileReference; lastKnownFileType = folder.assetcatalog; path = Assets.xcassets; sourceTree = "<group>"; };
		5E83A05D28A1885600AD0456 /* Base */ = {isa = PBXFileReference; lastKnownFileType = file.storyboard; name = Base; path = Base.lproj/LaunchScreen.storyboard; sourceTree = "<group>"; };
		5E83A05F28A1885600AD0456 /* Info.plist */ = {isa = PBXFileReference; lastKnownFileType = text.plist.xml; path = Info.plist; sourceTree = "<group>"; };
		5E83A06428A1885600AD0456 /* ISS_AppTests.xctest */ = {isa = PBXFileReference; explicitFileType = wrapper.cfbundle; includeInIndex = 0; path = ISS_AppTests.xctest; sourceTree = BUILT_PRODUCTS_DIR; };
		5E83A06828A1885600AD0456 /* ISS_AppTests.swift */ = {isa = PBXFileReference; lastKnownFileType = sourcecode.swift; path = ISS_AppTests.swift; sourceTree = "<group>"; };
		5E83A06E28A1885600AD0456 /* ISS_AppUITests.xctest */ = {isa = PBXFileReference; explicitFileType = wrapper.cfbundle; includeInIndex = 0; path = ISS_AppUITests.xctest; sourceTree = BUILT_PRODUCTS_DIR; };
		5E83A07228A1885600AD0456 /* ISS_AppUITests.swift */ = {isa = PBXFileReference; lastKnownFileType = sourcecode.swift; path = ISS_AppUITests.swift; sourceTree = "<group>"; };
		5E83A07428A1885600AD0456 /* ISS_AppUITestsLaunchTests.swift */ = {isa = PBXFileReference; lastKnownFileType = sourcecode.swift; path = ISS_AppUITestsLaunchTests.swift; sourceTree = "<group>"; };
/* End PBXFileReference section */

/* Begin PBXFrameworksBuildPhase section */
		5E83A04828A1885400AD0456 /* Frameworks */ = {
			isa = PBXFrameworksBuildPhase;
			buildActionMask = 2147483647;
			files = (
			);
			runOnlyForDeploymentPostprocessing = 0;
		};
		5E83A06128A1885600AD0456 /* Frameworks */ = {
			isa = PBXFrameworksBuildPhase;
			buildActionMask = 2147483647;
			files = (
			);
			runOnlyForDeploymentPostprocessing = 0;
		};
		5E83A06B28A1885600AD0456 /* Frameworks */ = {
			isa = PBXFrameworksBuildPhase;
			buildActionMask = 2147483647;
			files = (
			);
			runOnlyForDeploymentPostprocessing = 0;
		};
/* End PBXFrameworksBuildPhase section */

/* Begin PBXGroup section */
		5E83A04228A1885400AD0456 = {
			isa = PBXGroup;
			children = (
				5E83A04D28A1885400AD0456 /* ISS_App */,
				5E83A06728A1885600AD0456 /* ISS_AppTests */,
				5E83A07128A1885600AD0456 /* ISS_AppUITests */,
				5E83A04C28A1885400AD0456 /* Products */,
			);
			sourceTree = "<group>";
		};
		5E83A04C28A1885400AD0456 /* Products */ = {
			isa = PBXGroup;
			children = (
				5E83A04B28A1885400AD0456 /* ISS_App.app */,
				5E83A06428A1885600AD0456 /* ISS_AppTests.xctest */,
				5E83A06E28A1885600AD0456 /* ISS_AppUITests.xctest */,
			);
			name = Products;
			sourceTree = "<group>";
		};
		5E83A04D28A1885400AD0456 /* ISS_App */ = {
			isa = PBXGroup;
			children = (
				5E83A04E28A1885400AD0456 /* AppDelegate.swift */,
				5E83A05028A1885400AD0456 /* SceneDelegate.swift */,
				5E83A05228A1885400AD0456 /* ViewController.swift */,
				5E83A05428A1885400AD0456 /* Main.storyboard */,
				5E83A05A28A1885600AD0456 /* Assets.xcassets */,
				5E83A05C28A1885600AD0456 /* LaunchScreen.storyboard */,
				5E83A05F28A1885600AD0456 /* Info.plist */,
				5E83A05728A1885400AD0456 /* ISS_App.xcdatamodeld */,
			);
			path = ISS_App;
			sourceTree = "<group>";
		};
		5E83A06728A1885600AD0456 /* ISS_AppTests */ = {
			isa = PBXGroup;
			children = (
				5E83A06828A1885600AD0456 /* ISS_AppTests.swift */,
			);
			path = ISS_AppTests;
			sourceTree = "<group>";
		};
		5E83A07128A1885600AD0456 /* ISS_AppUITests */ = {
			isa = PBXGroup;
			children = (
				5E83A07228A1885600AD0456 /* ISS_AppUITests.swift */,
				5E83A07428A1885600AD0456 /* ISS_AppUITestsLaunchTests.swift */,
			);
			path = ISS_AppUITests;
			sourceTree = "<group>";
		};
/* End PBXGroup section */

/* Begin PBXNativeTarget section */
		5E83A04A28A1885400AD0456 /* ISS_App */ = {
			isa = PBXNativeTarget;
			buildConfigurationList = 5E83A07828A1885600AD0456 /* Build configuration list for PBXNativeTarget "ISS_App" */;
			buildPhases = (
				5E83A04728A1885400AD0456 /* Sources */,
				5E83A04828A1885400AD0456 /* Frameworks */,
				5E83A04928A1885400AD0456 /* Resources */,
			);
			buildRules = (
			);
			dependencies = (
			);
			name = ISS_App;
			productName = ISS_App;
			productReference = 5E83A04B28A1885400AD0456 /* ISS_App.app */;
			productType = "com.apple.product-type.application";
		};
		5E83A06328A1885600AD0456 /* ISS_AppTests */ = {
			isa = PBXNativeTarget;
			buildConfigurationList = 5E83A07B28A1885600AD0456 /* Build configuration list for PBXNativeTarget "ISS_AppTests" */;
			buildPhases = (
				5E83A06028A1885600AD0456 /* Sources */,
				5E83A06128A1885600AD0456 /* Frameworks */,
				5E83A06228A1885600AD0456 /* Resources */,
			);
			buildRules = (
			);
			dependencies = (
				5E83A06628A1885600AD0456 /* PBXTargetDependency */,
			);
			name = ISS_AppTests;
			productName = ISS_AppTests;
			productReference = 5E83A06428A1885600AD0456 /* ISS_AppTests.xctest */;
			productType = "com.apple.product-type.bundle.unit-test";
		};
		5E83A06D28A1885600AD0456 /* ISS_AppUITests */ = {
			isa = PBXNativeTarget;
			buildConfigurationList = 5E83A07E28A1885600AD0456 /* Build configuration list for PBXNativeTarget "ISS_AppUITests" */;
			buildPhases = (
				5E83A06A28A1885600AD0456 /* Sources */,
				5E83A06B28A1885600AD0456 /* Frameworks */,
				5E83A06C28A1885600AD0456 /* Resources */,
			);
			buildRules = (
			);
			dependencies = (
				5E83A07028A1885600AD0456 /* PBXTargetDependency */,
			);
			name = ISS_AppUITests;
			productName = ISS_AppUITests;
			productReference = 5E83A06E28A1885600AD0456 /* ISS_AppUITests.xctest */;
			productType = "com.apple.product-type.bundle.ui-testing";
		};
/* End PBXNativeTarget section */

/* Begin PBXProject section */
		5E83A04328A1885400AD0456 /* Project object */ = {
			isa = PBXProject;
			attributes = {
				BuildIndependentTargetsInParallel = 1;
				LastSwiftUpdateCheck = 1340;
				LastUpgradeCheck = 1340;
				TargetAttributes = {
					5E83A04A28A1885400AD0456 = {
						CreatedOnToolsVersion = 13.4.1;
					};
					5E83A06328A1885600AD0456 = {
						CreatedOnToolsVersion = 13.4.1;
						TestTargetID = 5E83A04A28A1885400AD0456;
					};
					5E83A06D28A1885600AD0456 = {
						CreatedOnToolsVersion = 13.4.1;
						TestTargetID = 5E83A04A28A1885400AD0456;
					};
				};
			};
			buildConfigurationList = 5E83A04628A1885400AD0456 /* Build configuration list for PBXProject "ISS_App" */;
			compatibilityVersion = "Xcode 13.0";
			developmentRegion = en;
			hasScannedForEncodings = 0;
			knownRegions = (
				en,
				Base,
			);
			mainGroup = 5E83A04228A1885400AD0456;
			productRefGroup = 5E83A04C28A1885400AD0456 /* Products */;
			projectDirPath = "";
			projectRoot = "";
			targets = (
				5E83A04A28A1885400AD0456 /* ISS_App */,
				5E83A06328A1885600AD0456 /* ISS_AppTests */,
				5E83A06D28A1885600AD0456 /* ISS_AppUITests */,
			);
		};
/* End PBXProject section */

/* Begin PBXResourcesBuildPhase section */
		5E83A04928A1885400AD0456 /* Resources */ = {
			isa = PBXResourcesBuildPhase;
			buildActionMask = 2147483647;
			files = (
				5E83A05E28A1885600AD0456 /* LaunchScreen.storyboard in Resources */,
				5E83A05B28A1885600AD0456 /* Assets.xcassets in Resources */,
				5E83A05628A1885400AD0456 /* Main.storyboard in Resources */,
			);
			runOnlyForDeploymentPostprocessing = 0;
		};
		5E83A06228A1885600AD0456 /* Resources */ = {
			isa = PBXResourcesBuildPhase;
			buildActionMask = 2147483647;
			files = (
			);
			runOnlyForDeploymentPostprocessing = 0;
		};
		5E83A06C28A1885600AD0456 /* Resources */ = {
			isa = PBXResourcesBuildPhase;
			buildActionMask = 2147483647;
			files = (
			);
			runOnlyForDeploymentPostprocessing = 0;
		};
/* End PBXResourcesBuildPhase section */

/* Begin PBXSourcesBuildPhase section */
		5E83A04728A1885400AD0456 /* Sources */ = {
			isa = PBXSourcesBuildPhase;
			buildActionMask = 2147483647;
			files = (
				5E83A05328A1885400AD0456 /* ViewController.swift in Sources */,
				5E83A04F28A1885400AD0456 /* AppDelegate.swift in Sources */,
				5E83A05128A1885400AD0456 /* SceneDelegate.swift in Sources */,
				5E83A05928A1885400AD0456 /* ISS_App.xcdatamodeld in Sources */,
			);
			runOnlyForDeploymentPostprocessing = 0;
		};
		5E83A06028A1885600AD0456 /* Sources */ = {
			isa = PBXSourcesBuildPhase;
			buildActionMask = 2147483647;
			files = (
				5E83A06928A1885600AD0456 /* ISS_AppTests.swift in Sources */,
			);
			runOnlyForDeploymentPostprocessing = 0;
		};
		5E83A06A28A1885600AD0456 /* Sources */ = {
			isa = PBXSourcesBuildPhase;
			buildActionMask = 2147483647;
			files = (
				5E83A07528A1885600AD0456 /* ISS_AppUITestsLaunchTests.swift in Sources */,
				5E83A07328A1885600AD0456 /* ISS_AppUITests.swift in Sources */,
			);
			runOnlyForDeploymentPostprocessing = 0;
		};
/* End PBXSourcesBuildPhase section */

/* Begin PBXTargetDependency section */
		5E83A06628A1885600AD0456 /* PBXTargetDependency */ = {
			isa = PBXTargetDependency;
			target = 5E83A04A28A1885400AD0456 /* ISS_App */;
			targetProxy = 5E83A06528A1885600AD0456 /* PBXContainerItemProxy */;
		};
		5E83A07028A1885600AD0456 /* PBXTargetDependency */ = {
			isa = PBXTargetDependency;
			target = 5E83A04A28A1885400AD0456 /* ISS_App */;
			targetProxy = 5E83A06F28A1885600AD0456 /* PBXContainerItemProxy */;
		};
/* End PBXTargetDependency section */

/* Begin PBXVariantGroup section */
		5E83A05428A1885400AD0456 /* Main.storyboard */ = {
			isa = PBXVariantGroup;
			children = (
				5E83A05528A1885400AD0456 /* Base */,
			);
			name = Main.storyboard;
			sourceTree = "<group>";
		};
		5E83A05C28A1885600AD0456 /* LaunchScreen.storyboard */ = {
			isa = PBXVariantGroup;
			children = (
				5E83A05D28A1885600AD0456 /* Base */,
			);
			name = LaunchScreen.storyboard;
			sourceTree = "<group>";
		};
/* End PBXVariantGroup section */

/* Begin XCBuildConfiguration section */
		5E83A07628A1885600AD0456 /* Debug */ = {
			isa = XCBuildConfiguration;
			buildSettings = {
				ALWAYS_SEARCH_USER_PATHS = NO;
				CLANG_ANALYZER_NONNULL = YES;
				CLANG_ANALYZER_NUMBER_OBJECT_CONVERSION = YES_AGGRESSIVE;
				CLANG_CXX_LANGUAGE_STANDARD = "gnu++17";
				CLANG_ENABLE_MODULES = YES;
				CLANG_ENABLE_OBJC_ARC = YES;
				CLANG_ENABLE_OBJC_WEAK = YES;
				CLANG_WARN_BLOCK_CAPTURE_AUTORELEASING = YES;
				CLANG_WARN_BOOL_CONVERSION = YES;
				CLANG_WARN_COMMA = YES;
				CLANG_WARN_CONSTANT_CONVERSION = YES;
				CLANG_WARN_DEPRECATED_OBJC_IMPLEMENTATIONS = YES;
				CLANG_WARN_DIRECT_OBJC_ISA_USAGE = YES_ERROR;
				CLANG_WARN_DOCUMENTATION_COMMENTS = YES;
				CLANG_WARN_EMPTY_BODY = YES;
				CLANG_WARN_ENUM_CONVERSION = YES;
				CLANG_WARN_INFINITE_RECURSION = YES;
				CLANG_WARN_INT_CONVERSION = YES;
				CLANG_WARN_NON_LITERAL_NULL_CONVERSION = YES;
				CLANG_WARN_OBJC_IMPLICIT_RETAIN_SELF = YES;
				CLANG_WARN_OBJC_LITERAL_CONVERSION = YES;
				CLANG_WARN_OBJC_ROOT_CLASS = YES_ERROR;
				CLANG_WARN_QUOTED_INCLUDE_IN_FRAMEWORK_HEADER = YES;
				CLANG_WARN_RANGE_LOOP_ANALYSIS = YES;
				CLANG_WARN_STRICT_PROTOTYPES = YES;
				CLANG_WARN_SUSPICIOUS_MOVE = YES;
				CLANG_WARN_UNGUARDED_AVAILABILITY = YES_AGGRESSIVE;
				CLANG_WARN_UNREACHABLE_CODE = YES;
				CLANG_WARN__DUPLICATE_METHOD_MATCH = YES;
				COPY_PHASE_STRIP = NO;
				DEBUG_INFORMATION_FORMAT = dwarf;
				ENABLE_STRICT_OBJC_MSGSEND = YES;
				ENABLE_TESTABILITY = YES;
				GCC_C_LANGUAGE_STANDARD = gnu11;
				GCC_DYNAMIC_NO_PIC = NO;
				GCC_NO_COMMON_BLOCKS = YES;
				GCC_OPTIMIZATION_LEVEL = 0;
				GCC_PREPROCESSOR_DEFINITIONS = (
					"DEBUG=1",
					"$(inherited)",
				);
				GCC_WARN_64_TO_32_BIT_CONVERSION = YES;
				GCC_WARN_ABOUT_RETURN_TYPE = YES_ERROR;
				GCC_WARN_UNDECLARED_SELECTOR = YES;
				GCC_WARN_UNINITIALIZED_AUTOS = YES_AGGRESSIVE;
				GCC_WARN_UNUSED_FUNCTION = YES;
				GCC_WARN_UNUSED_VARIABLE = YES;
				IPHONEOS_DEPLOYMENT_TARGET = 15.5;
				MTL_ENABLE_DEBUG_INFO = INCLUDE_SOURCE;
				MTL_FAST_MATH = YES;
				ONLY_ACTIVE_ARCH = YES;
				SDKROOT = iphoneos;
				SWIFT_ACTIVE_COMPILATION_CONDITIONS = DEBUG;
				SWIFT_OPTIMIZATION_LEVEL = "-Onone";
			};
			name = Debug;
		};
		5E83A07728A1885600AD0456 /* Release */ = {
			isa = XCBuildConfiguration;
			buildSettings = {
				ALWAYS_SEARCH_USER_PATHS = NO;
				CLANG_ANALYZER_NONNULL = YES;
				CLANG_ANALYZER_NUMBER_OBJECT_CONVERSION = YES_AGGRESSIVE;
				CLANG_CXX_LANGUAGE_STANDARD = "gnu++17";
				CLANG_ENABLE_MODULES = YES;
				CLANG_ENABLE_OBJC_ARC = YES;
				CLANG_ENABLE_OBJC_WEAK = YES;
				CLANG_WARN_BLOCK_CAPTURE_AUTORELEASING = YES;
				CLANG_WARN_BOOL_CONVERSION = YES;
				CLANG_WARN_COMMA = YES;
				CLANG_WARN_CONSTANT_CONVERSION = YES;
				CLANG_WARN_DEPRECATED_OBJC_IMPLEMENTATIONS = YES;
				CLANG_WARN_DIRECT_OBJC_ISA_USAGE = YES_ERROR;
				CLANG_WARN_DOCUMENTATION_COMMENTS = YES;
				CLANG_WARN_EMPTY_BODY = YES;
				CLANG_WARN_ENUM_CONVERSION = YES;
				CLANG_WARN_INFINITE_RECURSION = YES;
				CLANG_WARN_INT_CONVERSION = YES;
				CLANG_WARN_NON_LITERAL_NULL_CONVERSION = YES;
				CLANG_WARN_OBJC_IMPLICIT_RETAIN_SELF = YES;
				CLANG_WARN_OBJC_LITERAL_CONVERSION = YES;
				CLANG_WARN_OBJC_ROOT_CLASS = YES_ERROR;
				CLANG_WARN_QUOTED_INCLUDE_IN_FRAMEWORK_HEADER = YES;
				CLANG_WARN_RANGE_LOOP_ANALYSIS = YES;
				CLANG_WARN_STRICT_PROTOTYPES = YES;
				CLANG_WARN_SUSPICIOUS_MOVE = YES;
				CLANG_WARN_UNGUARDED_AVAILABILITY = YES_AGGRESSIVE;
				CLANG_WARN_UNREACHABLE_CODE = YES;
				CLANG_WARN__DUPLICATE_METHOD_MATCH = YES;
				COPY_PHASE_STRIP = NO;
				DEBUG_INFORMATION_FORMAT = "dwarf-with-dsym";
				ENABLE_NS_ASSERTIONS = NO;
				ENABLE_STRICT_OBJC_MSGSEND = YES;
				GCC_C_LANGUAGE_STANDARD = gnu11;
				GCC_NO_COMMON_BLOCKS = YES;
				GCC_WARN_64_TO_32_BIT_CONVERSION = YES;
				GCC_WARN_ABOUT_RETURN_TYPE = YES_ERROR;
				GCC_WARN_UNDECLARED_SELECTOR = YES;
				GCC_WARN_UNINITIALIZED_AUTOS = YES_AGGRESSIVE;
				GCC_WARN_UNUSED_FUNCTION = YES;
				GCC_WARN_UNUSED_VARIABLE = YES;
				IPHONEOS_DEPLOYMENT_TARGET = 15.5;
				MTL_ENABLE_DEBUG_INFO = NO;
				MTL_FAST_MATH = YES;
				SDKROOT = iphoneos;
				SWIFT_COMPILATION_MODE = wholemodule;
				SWIFT_OPTIMIZATION_LEVEL = "-O";
				VALIDATE_PRODUCT = YES;
			};
			name = Release;
		};
		5E83A07928A1885600AD0456 /* Debug */ = {
			isa = XCBuildConfiguration;
			buildSettings = {
				ASSETCATALOG_COMPILER_APPICON_NAME = AppIcon;
				ASSETCATALOG_COMPILER_GLOBAL_ACCENT_COLOR_NAME = AccentColor;
				CODE_SIGN_STYLE = Automatic;
				CURRENT_PROJECT_VERSION = 1;
				DEVELOPMENT_TEAM = ZLYDMFUQA6;
				GENERATE_INFOPLIST_FILE = YES;
				INFOPLIST_FILE = ISS_App/Info.plist;
				INFOPLIST_KEY_UIApplicationSupportsIndirectInputEvents = YES;
				INFOPLIST_KEY_UILaunchStoryboardName = LaunchScreen;
				INFOPLIST_KEY_UIMainStoryboardFile = Main;
				INFOPLIST_KEY_UISupportedInterfaceOrientations_iPad = "UIInterfaceOrientationPortrait UIInterfaceOrientationPortraitUpsideDown UIInterfaceOrientationLandscapeLeft UIInterfaceOrientationLandscapeRight";
				INFOPLIST_KEY_UISupportedInterfaceOrientations_iPhone = "UIInterfaceOrientationPortrait UIInterfaceOrientationLandscapeLeft UIInterfaceOrientationLandscapeRight";
				LD_RUNPATH_SEARCH_PATHS = (
					"$(inherited)",
					"@executable_path/Frameworks",
				);
				MARKETING_VERSION = 1.0;
				PRODUCT_BUNDLE_IDENTIFIER = "evInstalation.ISS-App";
				PRODUCT_NAME = "$(TARGET_NAME)";
				SWIFT_EMIT_LOC_STRINGS = YES;
				SWIFT_VERSION = 5.0;
				TARGETED_DEVICE_FAMILY = "1,2";
			};
			name = Debug;
		};
		5E83A07A28A1885600AD0456 /* Release */ = {
			isa = XCBuildConfiguration;
			buildSettings = {
				ASSETCATALOG_COMPILER_APPICON_NAME = AppIcon;
				ASSETCATALOG_COMPILER_GLOBAL_ACCENT_COLOR_NAME = AccentColor;
				CODE_SIGN_STYLE = Automatic;
				CURRENT_PROJECT_VERSION = 1;
				DEVELOPMENT_TEAM = ZLYDMFUQA6;
				GENERATE_INFOPLIST_FILE = YES;
				INFOPLIST_FILE = ISS_App/Info.plist;
				INFOPLIST_KEY_UIApplicationSupportsIndirectInputEvents = YES;
				INFOPLIST_KEY_UILaunchStoryboardName = LaunchScreen;
				INFOPLIST_KEY_UIMainStoryboardFile = Main;
				INFOPLIST_KEY_UISupportedInterfaceOrientations_iPad = "UIInterfaceOrientationPortrait UIInterfaceOrientationPortraitUpsideDown UIInterfaceOrientationLandscapeLeft UIInterfaceOrientationLandscapeRight";
				INFOPLIST_KEY_UISupportedInterfaceOrientations_iPhone = "UIInterfaceOrientationPortrait UIInterfaceOrientationLandscapeLeft UIInterfaceOrientationLandscapeRight";
				LD_RUNPATH_SEARCH_PATHS = (
					"$(inherited)",
					"@executable_path/Frameworks",
				);
				MARKETING_VERSION = 1.0;
				PRODUCT_BUNDLE_IDENTIFIER = "evInstalation.ISS-App";
				PRODUCT_NAME = "$(TARGET_NAME)";
				SWIFT_EMIT_LOC_STRINGS = YES;
				SWIFT_VERSION = 5.0;
				TARGETED_DEVICE_FAMILY = "1,2";
			};
			name = Release;
		};
		5E83A07C28A1885600AD0456 /* Debug */ = {
			isa = XCBuildConfiguration;
			buildSettings = {
				ALWAYS_EMBED_SWIFT_STANDARD_LIBRARIES = YES;
				BUNDLE_LOADER = "$(TEST_HOST)";
				CODE_SIGN_STYLE = Automatic;
				CURRENT_PROJECT_VERSION = 1;
				DEVELOPMENT_TEAM = ZLYDMFUQA6;
				GENERATE_INFOPLIST_FILE = YES;
				IPHONEOS_DEPLOYMENT_TARGET = 15.5;
				MARKETING_VERSION = 1.0;
				PRODUCT_BUNDLE_IDENTIFIER = "evInstalation.ISS-AppTests";
				PRODUCT_NAME = "$(TARGET_NAME)";
				SWIFT_EMIT_LOC_STRINGS = NO;
				SWIFT_VERSION = 5.0;
				TARGETED_DEVICE_FAMILY = "1,2";
				TEST_HOST = "$(BUILT_PRODUCTS_DIR)/ISS_App.app/ISS_App";
			};
			name = Debug;
		};
		5E83A07D28A1885600AD0456 /* Release */ = {
			isa = XCBuildConfiguration;
			buildSettings = {
				ALWAYS_EMBED_SWIFT_STANDARD_LIBRARIES = YES;
				BUNDLE_LOADER = "$(TEST_HOST)";
				CODE_SIGN_STYLE = Automatic;
				CURRENT_PROJECT_VERSION = 1;
				DEVELOPMENT_TEAM = ZLYDMFUQA6;
				GENERATE_INFOPLIST_FILE = YES;
				IPHONEOS_DEPLOYMENT_TARGET = 15.5;
				MARKETING_VERSION = 1.0;
				PRODUCT_BUNDLE_IDENTIFIER = "evInstalation.ISS-AppTests";
				PRODUCT_NAME = "$(TARGET_NAME)";
				SWIFT_EMIT_LOC_STRINGS = NO;
				SWIFT_VERSION = 5.0;
				TARGETED_DEVICE_FAMILY = "1,2";
				TEST_HOST = "$(BUILT_PRODUCTS_DIR)/ISS_App.app/ISS_App";
			};
			name = Release;
		};
		5E83A07F28A1885600AD0456 /* Debug */ = {
			isa = XCBuildConfiguration;
			buildSettings = {
				ALWAYS_EMBED_SWIFT_STANDARD_LIBRARIES = YES;
				CODE_SIGN_STYLE = Automatic;
				CURRENT_PROJECT_VERSION = 1;
				DEVELOPMENT_TEAM = ZLYDMFUQA6;
				GENERATE_INFOPLIST_FILE = YES;
				MARKETING_VERSION = 1.0;
				PRODUCT_BUNDLE_IDENTIFIER = "evInstalation.ISS-AppUITests";
				PRODUCT_NAME = "$(TARGET_NAME)";
				SWIFT_EMIT_LOC_STRINGS = NO;
				SWIFT_VERSION = 5.0;
				TARGETED_DEVICE_FAMILY = "1,2";
				TEST_TARGET_NAME = ISS_App;
			};
			name = Debug;
		};
		5E83A08028A1885600AD0456 /* Release */ = {
			isa = XCBuildConfiguration;
			buildSettings = {
				ALWAYS_EMBED_SWIFT_STANDARD_LIBRARIES = YES;
				CODE_SIGN_STYLE = Automatic;
				CURRENT_PROJECT_VERSION = 1;
				DEVELOPMENT_TEAM = ZLYDMFUQA6;
				GENERATE_INFOPLIST_FILE = YES;
				MARKETING_VERSION = 1.0;
				PRODUCT_BUNDLE_IDENTIFIER = "evInstalation.ISS-AppUITests";
				PRODUCT_NAME = "$(TARGET_NAME)";
				SWIFT_EMIT_LOC_STRINGS = NO;
				SWIFT_VERSION = 5.0;
				TARGETED_DEVICE_FAMILY = "1,2";
				TEST_TARGET_NAME = ISS_App;
			};
			name = Release;
		};
/* End XCBuildConfiguration section */

/* Begin XCConfigurationList section */
		5E83A04628A1885400AD0456 /* Build configuration list for PBXProject "ISS_App" */ = {
			isa = XCConfigurationList;
			buildConfigurations = (
				5E83A07628A1885600AD0456 /* Debug */,
				5E83A07728A1885600AD0456 /* Release */,
			);
			defaultConfigurationIsVisible = 0;
			defaultConfigurationName = Release;
		};
		5E83A07828A1885600AD0456 /* Build configuration list for PBXNativeTarget "ISS_App" */ = {
			isa = XCConfigurationList;
			buildConfigurations = (
				5E83A07928A1885600AD0456 /* Debug */,
				5E83A07A28A1885600AD0456 /* Release */,
			);
			defaultConfigurationIsVisible = 0;
			defaultConfigurationName = Release;
		};
		5E83A07B28A1885600AD0456 /* Build configuration list for PBXNativeTarget "ISS_AppTests" */ = {
			isa = XCConfigurationList;
			buildConfigurations = (
				5E83A07C28A1885600AD0456 /* Debug */,
				5E83A07D28A1885600AD0456 /* Release */,
			);
			defaultConfigurationIsVisible = 0;
			defaultConfigurationName = Release;
		};
		5E83A07E28A1885600AD0456 /* Build configuration list for PBXNativeTarget "ISS_AppUITests" */ = {
			isa = XCConfigurationList;
			buildConfigurations = (
				5E83A07F28A1885600AD0456 /* Debug */,
				5E83A08028A1885600AD0456 /* Release */,
			);
			defaultConfigurationIsVisible = 0;
			defaultConfigurationName = Release;
		};
/* End XCConfigurationList section */

/* Begin XCVersionGroup section */
		5E83A05728A1885400AD0456 /* ISS_App.xcdatamodeld */ = {
			isa = XCVersionGroup;
			children = (
				5E83A05828A1885400AD0456 /* ISS_App.xcdatamodel */,
			);
			currentVersion = 5E83A05828A1885400AD0456 /* ISS_App.xcdatamodel */;
			path = ISS_App.xcdatamodeld;
			sourceTree = "<group>";
			versionGroupType = wrapper.xcdatamodel;
		};
/* End XCVersionGroup section */
	};
	rootObject = 5E83A04328A1885400AD0456 /* Project object */;
}
